
Microsoft Visual Studio Solution File, Format Version 12.00
# Visual Studio Version 17
VisualStudioVersion = 17.13.35931.197
MinimumVisualStudioVersion = 10.0.40219.1
Project("{FAE04EC0-301F-11D3-BF4B-00C04F79EFBC}") = "CleanArchitectureWithCQRSandMediator.API", "CleanArchitectureWithCQRSandMediator.API.csproj", "{828810B3-F3A3-43D4-B9B4-691544B2BA75}"
EndProject
Project("{FAE04EC0-301F-11D3-BF4B-00C04F79EFBC}") = "CleanArchitectureWithCQRSandMediator.Domain", "..\CleanArchWithCQRSandMediator.Domain\CleanArchitectureWithCQRSandMediator.Domain.csproj", "{9AD3A4E8-6E69-4B00-B310-4DD9F3A8B1D0}"
EndProject
Project("{FAE04EC0-301F-11D3-BF4B-00C04F79EFBC}") = "CleanArchitectureWithCQRSandMediator.Infrastructure", "..\CleanArchitectureandMediator.Infrastructure\CleanArchitectureWithCQRSandMediator.Infrastructure.csproj", "{0DEB636A-E4D0-43F3-BFE8-D920379573AC}"
EndProject
Project("{FAE04EC0-301F-11D3-BF4B-00C04F79EFBC}") = "CleanArchitectureWithCQRSandMediator.Application", "..\CleanArchitectureWithCQRSandMediator.Application\CleanArchitectureWithCQRSandMediator.Application.csproj", "{B4589114-5BC7-22C7-8F44-AD3367423F9F}"
EndProject
Global
	GlobalSection(SolutionConfigurationPlatforms) = preSolution
		Debug|Any CPU = Debug|Any CPU
		Release|Any CPU = Release|Any CPU
	EndGlobalSection
	GlobalSection(ProjectConfigurationPlatforms) = postSolution
		{828810B3-F3A3-43D4-B9B4-691544B2BA75}.Debug|Any CPU.ActiveCfg = Debug|Any CPU
		{828810B3-F3A3-43D4-B9B4-691544B2BA75}.Debug|Any CPU.Build.0 = Debug|Any CPU
		{828810B3-F3A3-43D4-B9B4-691544B2BA75}.Release|Any CPU.ActiveCfg = Release|Any CPU
		{828810B3-F3A3-43D4-B9B4-691544B2BA75}.Release|Any CPU.Build.0 = Release|Any CPU
		{9AD3A4E8-6E69-4B00-B310-4DD9F3A8B1D0}.Debug|Any CPU.ActiveCfg = Debug|Any CPU
		{9AD3A4E8-6E69-4B00-B310-4DD9F3A8B1D0}.Debug|Any CPU.Build.0 = Debug|Any CPU
		{9AD3A4E8-6E69-4B00-B310-4DD9F3A8B1D0}.Release|Any CPU.ActiveCfg = Release|Any CPU
		{9AD3A4E8-6E69-4B00-B310-4DD9F3A8B1D0}.Release|Any CPU.Build.0 = Release|Any CPU
		{0DEB636A-E4D0-43F3-BFE8-D920379573AC}.Debug|Any CPU.ActiveCfg = Debug|Any CPU
		{0DEB636A-E4D0-43F3-BFE8-D920379573AC}.Debug|Any CPU.Build.0 = Debug|Any CPU
		{0DEB636A-E4D0-43F3-BFE8-D920379573AC}.Release|Any CPU.ActiveCfg = Release|Any CPU
		{0DEB636A-E4D0-43F3-BFE8-D920379573AC}.Release|Any CPU.Build.0 = Release|Any CPU
		{B4589114-5BC7-22C7-8F44-AD3367423F9F}.Debug|Any CPU.ActiveCfg = Debug|Any CPU
		{B4589114-5BC7-22C7-8F44-AD3367423F9F}.Debug|Any CPU.Build.0 = Debug|Any CPU
		{B4589114-5BC7-22C7-8F44-AD3367423F9F}.Release|Any CPU.ActiveCfg = Release|Any CPU
		{B4589114-5BC7-22C7-8F44-AD3367423F9F}.Release|Any CPU.Build.0 = Release|Any CPU
	EndGlobalSection
	GlobalSection(SolutionProperties) = preSolution
		HideSolutionNode = FALSE
	EndGlobalSection
	GlobalSection(ExtensibilityGlobals) = postSolution
		SolutionGuid = {7329CC8D-C9E4-4631-9563-0BCBC37B6439}
	EndGlobalSection
EndGlobal
